<?xml version="1.0" encoding="UTF-8"?>
<Scheme
   version = "1.3">
   <BuildAction>
      <BuildActionEntries>
         <BuildActionEntry
            buildForRunning = "YES">
            <BuildableReference
               BuildableIdentifier = "primary"
               BlueprintIdentifier = "EB449FB27C1FAB8E37C242F3"
               BuildableName = "MFAidenTest.app"
               BlueprintName = "MFAidenTest"
               ReferencedContainer = "container:MFAidenTest.xcodeproj">
            </BuildableReference>
         </BuildActionEntry>
      </BuildActionEntries>
   </BuildAction>
   <LaunchAction
      useCustomWorkingDirectory = "NO"
      buildConfiguration = "Debug">
      <BuildableProductRunnable>
         <BuildableReference
            BuildableIdentifier = "primary"
            BlueprintIdentifier = "EB449FB27C1FAB8E37C242F3"
            BuildableName = "MFAidenTest.app"
            BlueprintName = "MFAidenTest"
            ReferencedContainer = "container:MFAidenTest.xcodeproj">
         </BuildableReference>
      </BuildableProductRunnable>
   </LaunchAction>
</Scheme>
